{
  "name": "untitled2",
  "version": "0.1.1",
  "lockfileVersion": 3,
  "requires": true,
  "packages": {
    "": {
      "name": "untitled2",
      "version": "0.1.1",
      "dependencies": {
        "async": "^3.2.0",
        "tsimportlib": "^0.0.5"
      },
      "devDependencies": {}
    },
    "node_modules/async": {
      "version": "3.2.0",
      "resolved": "https://registry.npmjs.org/async/-/async-3.2.0.tgz",
      "integrity": "sha512-TR2mEZFVOj2pLStYxLht7TyfuRzaydfpxr3k9RpHIzMgw7A64dzsdqCxH1WJyQdoe8T10nDXd9wnEigmiuHIZw=="
    },
    "node_modules/tsimportlib": {
      "version": "0.0.5",
      "resolved": "https://registry.npmjs.org/tsimportlib/-/tsimportlib-0.0.5.tgz",
      "integrity": "sha512-qWQv/C3YB4Pwj77Z2HlORfy5EsWHcSYt66VQlMM0xZiKXwtoe1SxfpzmHX62sdJgzU6esrBGtyRIlx6O2OFPrQ=="
    }
  }
}
